// !$*UTF8*$!
{
	archiveVersion = 1;
	classes = {
	};
	objectVersion = 46;
	objects = {

/* Begin PBXBuildFile section */
		53260DA11B670AED00F6FB9B /* Images.xcassets in Resources */ = {isa = PBXBuildFile; fileRef = 53260DA01B670AED00F6FB9B /* Images.xcassets */; };
		53260DCD1B670DF600F6FB9B /* APIConstants.swift in Sources */ = {isa = PBXBuildFile; fileRef = 53260DCC1B670DF600F6FB9B /* APIConstants.swift */; };
		53260DD61B6711B600F6FB9B /* AppDelegate.swift in Sources */ = {isa = PBXBuildFile; fileRef = 53260DD51B6711B600F6FB9B /* AppDelegate.swift */; };
		53260DD81B6711C100F6FB9B /* ViewController.swift in Sources */ = {isa = PBXBuildFile; fileRef = 53260DD71B6711C100F6FB9B /* ViewController.swift */; };
		53260DDA1B6711C900F6FB9B /* Main.storyboard in Resources */ = {isa = PBXBuildFile; fileRef = 53260DD91B6711C900F6FB9B /* Main.storyboard */; };
		53260DDC1B6711D300F6FB9B /* LaunchScreen.xib in Resources */ = {isa = PBXBuildFile; fileRef = 53260DDB1B6711D300F6FB9B /* LaunchScreen.xib */; };
		5326101E1B6712DD00F6FB9B /* ApiBusiness.m in Sources */ = {isa = PBXBuildFile; fileRef = 53260F2A1B6712DD00F6FB9B /* ApiBusiness.m */; };
		5326101F1B6712DD00F6FB9B /* MTLModifiedModel.m in Sources */ = {isa = PBXBuildFile; fileRef = 53260F2F1B6712DD00F6FB9B /* MTLModifiedModel.m */; };
		532610421B6712DD00F6FB9B /* BaseModel.m in Sources */ = {isa = PBXBuildFile; fileRef = 53260F991B6712DD00F6FB9B /* BaseModel.m */; };
		532610581B6712DD00F6FB9B /* BaseRequest.m in Sources */ = {isa = PBXBuildFile; fileRef = 53260FD81B6712DD00F6FB9B /* BaseRequest.m */; };
		5326106C1B6712DD00F6FB9B /* BaseResponse.m in Sources */ = {isa = PBXBuildFile; fileRef = 532610141B6712DD00F6FB9B /* BaseResponse.m */; };
		5326106D1B6712DD00F6FB9B /* ApiHeaderUtil.m in Sources */ = {isa = PBXBuildFile; fileRef = 532610171B6712DD00F6FB9B /* ApiHeaderUtil.m */; };
		5326106E1B6712DD00F6FB9B /* APIParserUtil.m in Sources */ = {isa = PBXBuildFile; fileRef = 532610191B6712DD00F6FB9B /* APIParserUtil.m */; };
		5326106F1B6712DD00F6FB9B /* BaseUtil.m in Sources */ = {isa = PBXBuildFile; fileRef = 5326101B1B6712DD00F6FB9B /* BaseUtil.m */; };
		532610701B6712DD00F6FB9B /* PMParserUtil.m in Sources */ = {isa = PBXBuildFile; fileRef = 5326101D1B6712DD00F6FB9B /* PMParserUtil.m */; };
		5326107A1B67137E00F6FB9B /* ResearchNetworkingItems.m in Sources */ = {isa = PBXBuildFile; fileRef = 532610751B67137E00F6FB9B /* ResearchNetworkingItems.m */; };
		5326107B1B67137E00F6FB9B /* ResearchNetworkingModel.m in Sources */ = {isa = PBXBuildFile; fileRef = 532610771B67137E00F6FB9B /* ResearchNetworkingModel.m */; };
		5326107C1B67137E00F6FB9B /* ResearchNetworkingMoreItems.m in Sources */ = {isa = PBXBuildFile; fileRef = 532610791B67137E00F6FB9B /* ResearchNetworkingMoreItems.m */; };
		532610801B6716BB00F6FB9B /* APIControllers.swift in Sources */ = {isa = PBXBuildFile; fileRef = 5326107F1B6716BB00F6FB9B /* APIControllers.swift */; };
		532610831B67195A00F6FB9B /* ResearchNetworkingRequest.swift in Sources */ = {isa = PBXBuildFile; fileRef = 532610821B67195A00F6FB9B /* ResearchNetworkingRequest.swift */; };
		532610851B67247E00F6FB9B /* APIResponseParse.swift in Sources */ = {isa = PBXBuildFile; fileRef = 532610841B67247E00F6FB9B /* APIResponseParse.swift */; };
		532610881B67292500F6FB9B /* ResearchNetworkingResponse.m in Sources */ = {isa = PBXBuildFile; fileRef = 532610871B67292500F6FB9B /* ResearchNetworkingResponse.m */; };
		E33D26CFA89A0DB311CB75DB /* Pods_AFNetworkingWithMantle.framework in Frameworks */ = {isa = PBXBuildFile; fileRef = 10F6F77201F711788B4CFF8E /* Pods_AFNetworkingWithMantle.framework */; settings = {ATTRIBUTES = (Weak, ); }; };
/* End PBXBuildFile section */

/* Begin PBXFileReference section */
		10F6F77201F711788B4CFF8E /* Pods_AFNetworkingWithMantle.framework */ = {isa = PBXFileReference; explicitFileType = wrapper.framework; includeInIndex = 0; path = Pods_AFNetworkingWithMantle.framework; sourceTree = BUILT_PRODUCTS_DIR; };
		53260D941B670AED00F6FB9B /* AFNetworkingWithMantle.app */ = {isa = PBXFileReference; explicitFileType = wrapper.application; includeInIndex = 0; path = AFNetworkingWithMantle.app; sourceTree = BUILT_PRODUCTS_DIR; };
		53260D981B670AED00F6FB9B /* Info.plist */ = {isa = PBXFileReference; lastKnownFileType = text.plist.xml; path = Info.plist; sourceTree = "<group>"; };
		53260DA01B670AED00F6FB9B /* Images.xcassets */ = {isa = PBXFileReference; lastKnownFileType = folder.assetcatalog; path = Images.xcassets; sourceTree = "<group>"; };
		53260DC91B670DCE00F6FB9B /* AFNetworkingWithMantle-Header.h */ = {isa = PBXFileReference; lastKnownFileType = sourcecode.c.h; path = "AFNetworkingWithMantle-Header.h"; sourceTree = "<group>"; };
		53260DCC1B670DF600F6FB9B /* APIConstants.swift */ = {isa = PBXFileReference; fileEncoding = 4; lastKnownFileType = sourcecode.swift; path = APIConstants.swift; sourceTree = "<group>"; };
		53260DD51B6711B600F6FB9B /* AppDelegate.swift */ = {isa = PBXFileReference; fileEncoding = 4; lastKnownFileType = sourcecode.swift; name = AppDelegate.swift; path = AppDelegate/AppDelegate.swift; sourceTree = "<group>"; };
		53260DD71B6711C100F6FB9B /* ViewController.swift */ = {isa = PBXFileReference; fileEncoding = 4; lastKnownFileType = sourcecode.swift; name = ViewController.swift; path = Internal/ClassViewControllers/ViewController.swift; sourceTree = "<group>"; };
		53260DD91B6711C900F6FB9B /* Main.storyboard */ = {isa = PBXFileReference; fileEncoding = 4; lastKnownFileType = file.storyboard; name = Main.storyboard; path = Internal/InterfaceBuilder/Storyboard/Main.storyboard; sourceTree = "<group>"; };
		53260DDB1B6711D300F6FB9B /* LaunchScreen.xib */ = {isa = PBXFileReference; fileEncoding = 4; lastKnownFileType = file.xib; name = LaunchScreen.xib; path = Internal/InterfaceBuilder/Xibs/LaunchScreen.xib; sourceTree = "<group>"; };
		53260F291B6712DD00F6FB9B /* ApiBusiness.h */ = {isa = PBXFileReference; fileEncoding = 4; lastKnownFileType = sourcecode.c.h; path = ApiBusiness.h; sourceTree = "<group>"; };
		53260F2A1B6712DD00F6FB9B /* ApiBusiness.m */ = {isa = PBXFileReference; fileEncoding = 4; lastKnownFileType = sourcecode.c.objc; path = ApiBusiness.m; sourceTree = "<group>"; };
		53260F2C1B6712DD00F6FB9B /* ApiConstant.h */ = {isa = PBXFileReference; fileEncoding = 4; lastKnownFileType = sourcecode.c.h; path = ApiConstant.h; sourceTree = "<group>"; };
		53260F2D1B6712DD00F6FB9B /* APIMacro.h */ = {isa = PBXFileReference; fileEncoding = 4; lastKnownFileType = sourcecode.c.h; path = APIMacro.h; sourceTree = "<group>"; };
		53260F2E1B6712DD00F6FB9B /* MTLModifiedModel.h */ = {isa = PBXFileReference; fileEncoding = 4; lastKnownFileType = sourcecode.c.h; path = MTLModifiedModel.h; sourceTree = "<group>"; };
		53260F2F1B6712DD00F6FB9B /* MTLModifiedModel.m */ = {isa = PBXFileReference; fileEncoding = 4; lastKnownFileType = sourcecode.c.objc; path = MTLModifiedModel.m; sourceTree = "<group>"; };
		53260F981B6712DD00F6FB9B /* BaseModel.h */ = {isa = PBXFileReference; fileEncoding = 4; lastKnownFileType = sourcecode.c.h; path = BaseModel.h; sourceTree = "<group>"; };
		53260F991B6712DD00F6FB9B /* BaseModel.m */ = {isa = PBXFileReference; fileEncoding = 4; lastKnownFileType = sourcecode.c.objc; path = BaseModel.m; sourceTree = "<group>"; };
		53260FD71B6712DD00F6FB9B /* BaseRequest.h */ = {isa = PBXFileReference; fileEncoding = 4; lastKnownFileType = sourcecode.c.h; path = BaseRequest.h; sourceTree = "<group>"; };
		53260FD81B6712DD00F6FB9B /* BaseRequest.m */ = {isa = PBXFileReference; fileEncoding = 4; lastKnownFileType = sourcecode.c.objc; path = BaseRequest.m; sourceTree = "<group>"; };
		532610131B6712DD00F6FB9B /* BaseResponse.h */ = {isa = PBXFileReference; fileEncoding = 4; lastKnownFileType = sourcecode.c.h; path = BaseResponse.h; sourceTree = "<group>"; };
		532610141B6712DD00F6FB9B /* BaseResponse.m */ = {isa = PBXFileReference; fileEncoding = 4; lastKnownFileType = sourcecode.c.objc; path = BaseResponse.m; sourceTree = "<group>"; };
		532610161B6712DD00F6FB9B /* ApiHeaderUtil.h */ = {isa = PBXFileReference; fileEncoding = 4; lastKnownFileType = sourcecode.c.h; path = ApiHeaderUtil.h; sourceTree = "<group>"; };
		532610171B6712DD00F6FB9B /* ApiHeaderUtil.m */ = {isa = PBXFileReference; fileEncoding = 4; lastKnownFileType = sourcecode.c.objc; path = ApiHeaderUtil.m; sourceTree = "<group>"; };
		532610181B6712DD00F6FB9B /* APIParserUtil.h */ = {isa = PBXFileReference; fileEncoding = 4; lastKnownFileType = sourcecode.c.h; path = APIParserUtil.h; sourceTree = "<group>"; };
		532610191B6712DD00F6FB9B /* APIParserUtil.m */ = {isa = PBXFileReference; fileEncoding = 4; lastKnownFileType = sourcecode.c.objc; path = APIParserUtil.m; sourceTree = "<group>"; };
		5326101A1B6712DD00F6FB9B /* BaseUtil.h */ = {isa = PBXFileReference; fileEncoding = 4; lastKnownFileType = sourcecode.c.h; path = BaseUtil.h; sourceTree = "<group>"; };
		5326101B1B6712DD00F6FB9B /* BaseUtil.m */ = {isa = PBXFileReference; fileEncoding = 4; lastKnownFileType = sourcecode.c.objc; path = BaseUtil.m; sourceTree = "<group>"; };
		5326101C1B6712DD00F6FB9B /* PMParserUtil.h */ = {isa = PBXFileReference; fileEncoding = 4; lastKnownFileType = sourcecode.c.h; path = PMParserUtil.h; sourceTree = "<group>"; };
		5326101D1B6712DD00F6FB9B /* PMParserUtil.m */ = {isa = PBXFileReference; fileEncoding = 4; lastKnownFileType = sourcecode.c.objc; path = PMParserUtil.m; sourceTree = "<group>"; };
		532610731B67137E00F6FB9B /* ResearchNetworkingDataModels.h */ = {isa = PBXFileReference; fileEncoding = 4; lastKnownFileType = sourcecode.c.h; path = ResearchNetworkingDataModels.h; sourceTree = "<group>"; };
		532610741B67137E00F6FB9B /* ResearchNetworkingItems.h */ = {isa = PBXFileReference; fileEncoding = 4; lastKnownFileType = sourcecode.c.h; path = ResearchNetworkingItems.h; sourceTree = "<group>"; };
		532610751B67137E00F6FB9B /* ResearchNetworkingItems.m */ = {isa = PBXFileReference; fileEncoding = 4; lastKnownFileType = sourcecode.c.objc; path = ResearchNetworkingItems.m; sourceTree = "<group>"; };
		532610761B67137E00F6FB9B /* ResearchNetworkingModel.h */ = {isa = PBXFileReference; fileEncoding = 4; lastKnownFileType = sourcecode.c.h; path = ResearchNetworkingModel.h; sourceTree = "<group>"; };
		532610771B67137E00F6FB9B /* ResearchNetworkingModel.m */ = {isa = PBXFileReference; fileEncoding = 4; lastKnownFileType = sourcecode.c.objc; path = ResearchNetworkingModel.m; sourceTree = "<group>"; };
		532610781B67137E00F6FB9B /* ResearchNetworkingMoreItems.h */ = {isa = PBXFileReference; fileEncoding = 4; lastKnownFileType = sourcecode.c.h; path = ResearchNetworkingMoreItems.h; sourceTree = "<group>"; };
		532610791B67137E00F6FB9B /* ResearchNetworkingMoreItems.m */ = {isa = PBXFileReference; fileEncoding = 4; lastKnownFileType = sourcecode.c.objc; path = ResearchNetworkingMoreItems.m; sourceTree = "<group>"; };
		5326107E1B6714F800F6FB9B /* AppMacro.h */ = {isa = PBXFileReference; fileEncoding = 4; lastKnownFileType = sourcecode.c.h; name = AppMacro.h; path = External/CommonUtils/AppMacro.h; sourceTree = "<group>"; };
		5326107F1B6716BB00F6FB9B /* APIControllers.swift */ = {isa = PBXFileReference; fileEncoding = 4; lastKnownFileType = sourcecode.swift; path = APIControllers.swift; sourceTree = "<group>"; };
		532610821B67195A00F6FB9B /* ResearchNetworkingRequest.swift */ = {isa = PBXFileReference; fileEncoding = 4; lastKnownFileType = sourcecode.swift; path = ResearchNetworkingRequest.swift; sourceTree = "<group>"; };
		532610841B67247E00F6FB9B /* APIResponseParse.swift */ = {isa = PBXFileReference; fileEncoding = 4; lastKnownFileType = sourcecode.swift; path = APIResponseParse.swift; sourceTree = "<group>"; };
		532610861B67292500F6FB9B /* ResearchNetworkingResponse.h */ = {isa = PBXFileReference; fileEncoding = 4; lastKnownFileType = sourcecode.c.h; path = ResearchNetworkingResponse.h; sourceTree = "<group>"; };
		532610871B67292500F6FB9B /* ResearchNetworkingResponse.m */ = {isa = PBXFileReference; fileEncoding = 4; lastKnownFileType = sourcecode.c.objc; path = ResearchNetworkingResponse.m; sourceTree = "<group>"; };
		6D0E0F558A69BEE96AED2125 /* Pods-AFNetworkingWithMantle.release.xcconfig */ = {isa = PBXFileReference; includeInIndex = 1; lastKnownFileType = text.xcconfig; name = "Pods-AFNetworkingWithMantle.release.xcconfig"; path = "Pods/Target Support Files/Pods-AFNetworkingWithMantle/Pods-AFNetworkingWithMantle.release.xcconfig"; sourceTree = "<group>"; };
		C1CB08570D0A3B89A618E219 /* Pods-AFNetworkingWithMantle.debug.xcconfig */ = {isa = PBXFileReference; includeInIndex = 1; lastKnownFileType = text.xcconfig; name = "Pods-AFNetworkingWithMantle.debug.xcconfig"; path = "Pods/Target Support Files/Pods-AFNetworkingWithMantle/Pods-AFNetworkingWithMantle.debug.xcconfig"; sourceTree = "<group>"; };
/* End PBXFileReference section */

/* Begin PBXFrameworksBuildPhase section */
		53260D911B670AED00F6FB9B /* Frameworks */ = {
			isa = PBXFrameworksBuildPhase;
			buildActionMask = 2147483647;
			files = (
				E33D26CFA89A0DB311CB75DB /* Pods_AFNetworkingWithMantle.framework in Frameworks */,
			);
			runOnlyForDeploymentPostprocessing = 0;
		};
/* End PBXFrameworksBuildPhase section */

/* Begin PBXGroup section */
		3BC7E3262FFD056ED1AFA055 /* Frameworks */ = {
			isa = PBXGroup;
			children = (
				10F6F77201F711788B4CFF8E /* Pods_AFNetworkingWithMantle.framework */,
			);
			name = Frameworks;
			sourceTree = "<group>";
		};
		4FCF982656D4C78ABA8D4BB7 /* Pods */ = {
			isa = PBXGroup;
			children = (
				C1CB08570D0A3B89A618E219 /* Pods-AFNetworkingWithMantle.debug.xcconfig */,
				6D0E0F558A69BEE96AED2125 /* Pods-AFNetworkingWithMantle.release.xcconfig */,
			);
			name = Pods;
			sourceTree = "<group>";
		};
		53260D8B1B670AED00F6FB9B = {
			isa = PBXGroup;
			children = (
				53260D961B670AED00F6FB9B /* AFNetworkingWithMantle */,
				53260D951B670AED00F6FB9B /* Products */,
				4FCF982656D4C78ABA8D4BB7 /* Pods */,
				3BC7E3262FFD056ED1AFA055 /* Frameworks */,
			);
			sourceTree = "<group>";
		};
		53260D951B670AED00F6FB9B /* Products */ = {
			isa = PBXGroup;
			children = (
				53260D941B670AED00F6FB9B /* AFNetworkingWithMantle.app */,
			);
			name = Products;
			sourceTree = "<group>";
		};
		53260D961B670AED00F6FB9B /* AFNetworkingWithMantle */ = {
			isa = PBXGroup;
			children = (
				53260DBC1B670CA600F6FB9B /* AppDelegate */,
				53260DBA1B670C9200F6FB9B /* External */,
				53260DBB1B670C9B00F6FB9B /* Internal */,
				53260DA01B670AED00F6FB9B /* Images.xcassets */,
				53260D971B670AED00F6FB9B /* Supporting Files */,
			);
			path = AFNetworkingWithMantle;
			sourceTree = "<group>";
		};
		53260D971B670AED00F6FB9B /* Supporting Files */ = {
			isa = PBXGroup;
			children = (
				53260D981B670AED00F6FB9B /* Info.plist */,
				53260DC91B670DCE00F6FB9B /* AFNetworkingWithMantle-Header.h */,
			);
			name = "Supporting Files";
			sourceTree = "<group>";
		};
		53260DBA1B670C9200F6FB9B /* External */ = {
			isa = PBXGroup;
			children = (
				5326107D1B6714AD00F6FB9B /* CommonUtils */,
				53260DC31B670D5500F6FB9B /* API */,
			);
			name = External;
			sourceTree = "<group>";
		};
		53260DBB1B670C9B00F6FB9B /* Internal */ = {
			isa = PBXGroup;
			children = (
				53260DD41B67115200F6FB9B /* ClassViewControllers */,
				53260DD11B67112600F6FB9B /* InterfaceBuilder */,
			);
			name = Internal;
			sourceTree = "<group>";
		};
		53260DBC1B670CA600F6FB9B /* AppDelegate */ = {
			isa = PBXGroup;
			children = (
				53260DD51B6711B600F6FB9B /* AppDelegate.swift */,
			);
			name = AppDelegate;
			sourceTree = "<group>";
		};
		53260DC31B670D5500F6FB9B /* API */ = {
			isa = PBXGroup;
			children = (
				53260F271B6712DD00F6FB9B /* APIBase */,
				53260DC41B670D5500F6FB9B /* APIConstants */,
			);
			name = API;
			path = External/API;
			sourceTree = "<group>";
		};
		53260DC41B670D5500F6FB9B /* APIConstants */ = {
			isa = PBXGroup;
			children = (
				53260DCC1B670DF600F6FB9B /* APIConstants.swift */,
			);
			path = APIConstants;
			sourceTree = "<group>";
		};
		53260DCE1B670E2400F6FB9B /* APIController */ = {
			isa = PBXGroup;
			children = (
				5326107F1B6716BB00F6FB9B /* APIControllers.swift */,
			);
			name = APIController;
			path = ../APIController;
			sourceTree = "<group>";
		};
		53260DD11B67112600F6FB9B /* InterfaceBuilder */ = {
			isa = PBXGroup;
			children = (
				53260DD31B67113600F6FB9B /* Xibs */,
				53260DD21B67113100F6FB9B /* Storyboard */,
			);
			name = InterfaceBuilder;
			sourceTree = "<group>";
		};
		53260DD21B67113100F6FB9B /* Storyboard */ = {
			isa = PBXGroup;
			children = (
				53260DD91B6711C900F6FB9B /* Main.storyboard */,
			);
			name = Storyboard;
			sourceTree = "<group>";
		};
		53260DD31B67113600F6FB9B /* Xibs */ = {
			isa = PBXGroup;
			children = (
				53260DDB1B6711D300F6FB9B /* LaunchScreen.xib */,
			);
			name = Xibs;
			sourceTree = "<group>";
		};
		53260DD41B67115200F6FB9B /* ClassViewControllers */ = {
			isa = PBXGroup;
			children = (
				53260DD71B6711C100F6FB9B /* ViewController.swift */,
			);
			name = ClassViewControllers;
			sourceTree = "<group>";
		};
		53260F271B6712DD00F6FB9B /* APIBase */ = {
			isa = PBXGroup;
			children = (
				53260DCE1B670E2400F6FB9B /* APIController */,
				53260F281B6712DD00F6FB9B /* Business */,
				53260F2B1B6712DD00F6FB9B /* Common */,
				53260F301B6712DD00F6FB9B /* Models */,
				53260FD01B6712DD00F6FB9B /* Request */,
				532610121B6712DD00F6FB9B /* Response */,
				532610151B6712DD00F6FB9B /* Util */,
			);
			path = APIBase;
			sourceTree = "<group>";
		};
		53260F281B6712DD00F6FB9B /* Business */ = {
			isa = PBXGroup;
			children = (
				53260F291B6712DD00F6FB9B /* ApiBusiness.h */,
				53260F2A1B6712DD00F6FB9B /* ApiBusiness.m */,
			);
			path = Business;
			sourceTree = "<group>";
		};
		53260F2B1B6712DD00F6FB9B /* Common */ = {
			isa = PBXGroup;
			children = (
				53260F2C1B6712DD00F6FB9B /* ApiConstant.h */,
				53260F2D1B6712DD00F6FB9B /* APIMacro.h */,
				53260F2E1B6712DD00F6FB9B /* MTLModifiedModel.h */,
				53260F2F1B6712DD00F6FB9B /* MTLModifiedModel.m */,
			);
			path = Common;
			sourceTree = "<group>";
		};
		53260F301B6712DD00F6FB9B /* Models */ = {
			isa = PBXGroup;
			children = (
				532610721B67137E00F6FB9B /* ResearchNetworkingModel */,
				53260F981B6712DD00F6FB9B /* BaseModel.h */,
				53260F991B6712DD00F6FB9B /* BaseModel.m */,
			);
			path = Models;
			sourceTree = "<group>";
		};
		53260FD01B6712DD00F6FB9B /* Request */ = {
			isa = PBXGroup;
			children = (
				532610811B67192400F6FB9B /* ResearchNetworkingRequest */,
				53260FD71B6712DD00F6FB9B /* BaseRequest.h */,
				53260FD81B6712DD00F6FB9B /* BaseRequest.m */,
			);
			path = Request;
			sourceTree = "<group>";
		};
		532610121B6712DD00F6FB9B /* Response */ = {
			isa = PBXGroup;
			children = (
				532610131B6712DD00F6FB9B /* BaseResponse.h */,
				532610141B6712DD00F6FB9B /* BaseResponse.m */,
				532610841B67247E00F6FB9B /* APIResponseParse.swift */,
			);
			path = Response;
			sourceTree = "<group>";
		};
		532610151B6712DD00F6FB9B /* Util */ = {
			isa = PBXGroup;
			children = (
				532610161B6712DD00F6FB9B /* ApiHeaderUtil.h */,
				532610171B6712DD00F6FB9B /* ApiHeaderUtil.m */,
				532610181B6712DD00F6FB9B /* APIParserUtil.h */,
				532610191B6712DD00F6FB9B /* APIParserUtil.m */,
				5326101A1B6712DD00F6FB9B /* BaseUtil.h */,
				5326101B1B6712DD00F6FB9B /* BaseUtil.m */,
				5326101C1B6712DD00F6FB9B /* PMParserUtil.h */,
				5326101D1B6712DD00F6FB9B /* PMParserUtil.m */,
			);
			path = Util;
			sourceTree = "<group>";
		};
		532610721B67137E00F6FB9B /* ResearchNetworkingModel */ = {
			isa = PBXGroup;
			children = (
				532610861B67292500F6FB9B /* ResearchNetworkingResponse.h */,
				532610871B67292500F6FB9B /* ResearchNetworkingResponse.m */,
				532610731B67137E00F6FB9B /* ResearchNetworkingDataModels.h */,
				532610741B67137E00F6FB9B /* ResearchNetworkingItems.h */,
				532610751B67137E00F6FB9B /* ResearchNetworkingItems.m */,
				532610761B67137E00F6FB9B /* ResearchNetworkingModel.h */,
				532610771B67137E00F6FB9B /* ResearchNetworkingModel.m */,
				532610781B67137E00F6FB9B /* ResearchNetworkingMoreItems.h */,
				532610791B67137E00F6FB9B /* ResearchNetworkingMoreItems.m */,
			);
			path = ResearchNetworkingModel;
			sourceTree = "<group>";
		};
		5326107D1B6714AD00F6FB9B /* CommonUtils */ = {
			isa = PBXGroup;
			children = (
				5326107E1B6714F800F6FB9B /* AppMacro.h */,
			);
			name = CommonUtils;
			sourceTree = "<group>";
		};
		532610811B67192400F6FB9B /* ResearchNetworkingRequest */ = {
			isa = PBXGroup;
			children = (
				532610821B67195A00F6FB9B /* ResearchNetworkingRequest.swift */,
			);
			name = ResearchNetworkingRequest;
			sourceTree = "<group>";
		};
/* End PBXGroup section */

/* Begin PBXNativeTarget section */
		53260D931B670AED00F6FB9B /* AFNetworkingWithMantle */ = {
			isa = PBXNativeTarget;
			buildConfigurationList = 53260DB31B670AED00F6FB9B /* Build configuration list for PBXNativeTarget "AFNetworkingWithMantle" */;
			buildPhases = (
				B30CD4F533B98744D95FA9FD /* Check Pods Manifest.lock */,
				53260D901B670AED00F6FB9B /* Sources */,
				53260D911B670AED00F6FB9B /* Frameworks */,
				53260D921B670AED00F6FB9B /* Resources */,
				99116051007DFEF4EB4413C5 /* Embed Pods Frameworks */,
				031079F7F59FE71C4AE4D232 /* Copy Pods Resources */,
			);
			buildRules = (
			);
			dependencies = (
			);
			name = AFNetworkingWithMantle;
			productName = AFNetworkingWithMantle;
			productReference = 53260D941B670AED00F6FB9B /* AFNetworkingWithMantle.app */;
			productType = "com.apple.product-type.application";
		};
/* End PBXNativeTarget section */

/* Begin PBXProject section */
		53260D8C1B670AED00F6FB9B /* Project object */ = {
			isa = PBXProject;
			attributes = {
				LastUpgradeCheck = 0640;
				ORGANIZATIONNAME = Framgia;
				TargetAttributes = {
					53260D931B670AED00F6FB9B = {
						CreatedOnToolsVersion = 6.4;
					};
				};
			};
			buildConfigurationList = 53260D8F1B670AED00F6FB9B /* Build configuration list for PBXProject "AFNetworkingWithMantle" */;
			compatibilityVersion = "Xcode 3.2";
			developmentRegion = English;
			hasScannedForEncodings = 0;
			knownRegions = (
				en,
				Base,
			);
			mainGroup = 53260D8B1B670AED00F6FB9B;
			productRefGroup = 53260D951B670AED00F6FB9B /* Products */;
			projectDirPath = "";
			projectRoot = "";
			targets = (
				53260D931B670AED00F6FB9B /* AFNetworkingWithMantle */,
			);
		};
/* End PBXProject section */

/* Begin PBXResourcesBuildPhase section */
		53260D921B670AED00F6FB9B /* Resources */ = {
			isa = PBXResourcesBuildPhase;
			buildActionMask = 2147483647;
			files = (
				53260DA11B670AED00F6FB9B /* Images.xcassets in Resources */,
				53260DDC1B6711D300F6FB9B /* LaunchScreen.xib in Resources */,
				53260DDA1B6711C900F6FB9B /* Main.storyboard in Resources */,
			);
			runOnlyForDeploymentPostprocessing = 0;
		};
/* End PBXResourcesBuildPhase section */

/* Begin PBXShellScriptBuildPhase section */
		031079F7F59FE71C4AE4D232 /* Copy Pods Resources */ = {
			isa = PBXShellScriptBuildPhase;
			buildActionMask = 2147483647;
			files = (
			);
			inputPaths = (
			);
			name = "Copy Pods Resources";
			outputPaths = (
			);
			runOnlyForDeploymentPostprocessing = 0;
			shellPath = /bin/sh;
			shellScript = "\"${SRCROOT}/Pods/Target Support Files/Pods-AFNetworkingWithMantle/Pods-AFNetworkingWithMantle-resources.sh\"\n";
			showEnvVarsInLog = 0;
		};
		99116051007DFEF4EB4413C5 /* Embed Pods Frameworks */ = {
			isa = PBXShellScriptBuildPhase;
			buildActionMask = 2147483647;
			files = (
			);
			inputPaths = (
			);
			name = "Embed Pods Frameworks";
			outputPaths = (
			);
			runOnlyForDeploymentPostprocessing = 0;
			shellPath = /bin/sh;
			shellScript = "\"${SRCROOT}/Pods/Target Support Files/Pods-AFNetworkingWithMantle/Pods-AFNetworkingWithMantle-frameworks.sh\"\n";
			showEnvVarsInLog = 0;
		};
		B30CD4F533B98744D95FA9FD /* Check Pods Manifest.lock */ = {
			isa = PBXShellScriptBuildPhase;
			buildActionMask = 2147483647;
			files = (
			);
			inputPaths = (
			);
			name = "Check Pods Manifest.lock";
			outputPaths = (
			);
			runOnlyForDeploymentPostprocessing = 0;
			shellPath = /bin/sh;
			shellScript = "diff \"${PODS_ROOT}/../Podfile.lock\" \"${PODS_ROOT}/Manifest.lock\" > /dev/null\nif [[ $? != 0 ]] ; then\n    cat << EOM\nerror: The sandbox is not in sync with the Podfile.lock. Run 'pod install' or update your CocoaPods installation.\nEOM\n    exit 1\nfi\n";
			showEnvVarsInLog = 0;
		};
/* End PBXShellScriptBuildPhase section */

/* Begin PBXSourcesBuildPhase section */
		53260D901B670AED00F6FB9B /* Sources */ = {
			isa = PBXSourcesBuildPhase;
			buildActionMask = 2147483647;
			files = (
				532610801B6716BB00F6FB9B /* APIControllers.swift in Sources */,
				532610581B6712DD00F6FB9B /* BaseRequest.m in Sources */,
				5326107A1B67137E00F6FB9B /* ResearchNetworkingItems.m in Sources */,
				5326107C1B67137E00F6FB9B /* ResearchNetworkingMoreItems.m in Sources */,
				53260DD81B6711C100F6FB9B /* ViewController.swift in Sources */,
				532610831B67195A00F6FB9B /* ResearchNetworkingRequest.swift in Sources */,
				5326107B1B67137E00F6FB9B /* ResearchNetworkingModel.m in Sources */,
				532610851B67247E00F6FB9B /* APIResponseParse.swift in Sources */,
				5326101E1B6712DD00F6FB9B /* ApiBusiness.m in Sources */,
				5326101F1B6712DD00F6FB9B /* MTLModifiedModel.m in Sources */,
				5326106F1B6712DD00F6FB9B /* BaseUtil.m in Sources */,
				532610701B6712DD00F6FB9B /* PMParserUtil.m in Sources */,
				5326106D1B6712DD00F6FB9B /* ApiHeaderUtil.m in Sources */,
				53260DCD1B670DF600F6FB9B /* APIConstants.swift in Sources */,
				532610421B6712DD00F6FB9B /* BaseModel.m in Sources */,
				5326106E1B6712DD00F6FB9B /* APIParserUtil.m in Sources */,
				532610881B67292500F6FB9B /* ResearchNetworkingResponse.m in Sources */,
				53260DD61B6711B600F6FB9B /* AppDelegate.swift in Sources */,
				5326106C1B6712DD00F6FB9B /* BaseResponse.m in Sources */,
			);
			runOnlyForDeploymentPostprocessing = 0;
		};
/* End PBXSourcesBuildPhase section */

/* Begin XCBuildConfiguration section */
		53260DB11B670AED00F6FB9B /* Debug */ = {
			isa = XCBuildConfiguration;
			buildSettings = {
				ALWAYS_SEARCH_USER_PATHS = NO;
				CLANG_CXX_LANGUAGE_STANDARD = "gnu++0x";
				CLANG_CXX_LIBRARY = "libc++";
				CLANG_ENABLE_MODULES = YES;
				CLANG_ENABLE_OBJC_ARC = YES;
				CLANG_WARN_BOOL_CONVERSION = YES;
				CLANG_WARN_CONSTANT_CONVERSION = YES;
				CLANG_WARN_DIRECT_OBJC_ISA_USAGE = YES_ERROR;
				CLANG_WARN_EMPTY_BODY = YES;
				CLANG_WARN_ENUM_CONVERSION = YES;
				CLANG_WARN_INT_CONVERSION = YES;
				CLANG_WARN_OBJC_ROOT_CLASS = YES_ERROR;
				CLANG_WARN_UNREACHABLE_CODE = YES;
				CLANG_WARN__DUPLICATE_METHOD_MATCH = YES;
				"CODE_SIGN_IDENTITY[sdk=iphoneos*]" = "iPhone Developer";
				COPY_PHASE_STRIP = NO;
				DEBUG_INFORMATION_FORMAT = "dwarf-with-dsym";
				ENABLE_STRICT_OBJC_MSGSEND = YES;
				GCC_C_LANGUAGE_STANDARD = gnu99;
				GCC_DYNAMIC_NO_PIC = NO;
				GCC_NO_COMMON_BLOCKS = YES;
				GCC_OPTIMIZATION_LEVEL = 0;
				GCC_PREPROCESSOR_DEFINITIONS = (
					"DEBUG=1",
					"$(inherited)",
				);
				GCC_SYMBOLS_PRIVATE_EXTERN = NO;
				GCC_WARN_64_TO_32_BIT_CONVERSION = YES;
				GCC_WARN_ABOUT_RETURN_TYPE = YES_ERROR;
				GCC_WARN_UNDECLARED_SELECTOR = YES;
				GCC_WARN_UNINITIALIZED_AUTOS = YES_AGGRESSIVE;
				GCC_WARN_UNUSED_FUNCTION = YES;
				GCC_WARN_UNUSED_VARIABLE = YES;
				IPHONEOS_DEPLOYMENT_TARGET = 8.4;
				MTL_ENABLE_DEBUG_INFO = YES;
				ONLY_ACTIVE_ARCH = YES;
				SDKROOT = iphoneos;
				SWIFT_OBJC_BRIDGING_HEADER = "AFNetworkingWithMantle/AFNetworkingWithMantle-Header.h";
				SWIFT_OPTIMIZATION_LEVEL = "-Onone";
			};
			name = Debug;
		};
		53260DB21B670AED00F6FB9B /* Release */ = {
			isa = XCBuildConfiguration;
			buildSettings = {
				ALWAYS_SEARCH_USER_PATHS = NO;
				CLANG_CXX_LANGUAGE_STANDARD = "gnu++0x";
				CLANG_CXX_LIBRARY = "libc++";
				CLANG_ENABLE_MODULES = YES;
				CLANG_ENABLE_OBJC_ARC = YES;
				CLANG_WARN_BOOL_CONVERSION = YES;
				CLANG_WARN_CONSTANT_CONVERSION = YES;
				CLANG_WARN_DIRECT_OBJC_ISA_USAGE = YES_ERROR;
				CLANG_WARN_EMPTY_BODY = YES;
				CLANG_WARN_ENUM_CONVERSION = YES;
				CLANG_WARN_INT_CONVERSION = YES;
				CLANG_WARN_OBJC_ROOT_CLASS = YES_ERROR;
				CLANG_WARN_UNREACHABLE_CODE = YES;
				CLANG_WARN__DUPLICATE_METHOD_MATCH = YES;
				"CODE_SIGN_IDENTITY[sdk=iphoneos*]" = "iPhone Developer";
				COPY_PHASE_STRIP = NO;
				DEBUG_INFORMATION_FORMAT = "dwarf-with-dsym";
				ENABLE_NS_ASSERTIONS = NO;
				ENABLE_STRICT_OBJC_MSGSEND = YES;
				GCC_C_LANGUAGE_STANDARD = gnu99;
				GCC_NO_COMMON_BLOCKS = YES;
				GCC_WARN_64_TO_32_BIT_CONVERSION = YES;
				GCC_WARN_ABOUT_RETURN_TYPE = YES_ERROR;
				GCC_WARN_UNDECLARED_SELECTOR = YES;
				GCC_WARN_UNINITIALIZED_AUTOS = YES_AGGRESSIVE;
				GCC_WARN_UNUSED_FUNCTION = YES;
				GCC_WARN_UNUSED_VARIABLE = YES;
				IPHONEOS_DEPLOYMENT_TARGET = 8.4;
				MTL_ENABLE_DEBUG_INFO = NO;
				SDKROOT = iphoneos;
				SWIFT_OBJC_BRIDGING_HEADER = "AFNetworkingWithMantle/AFNetworkingWithMantle-Header.h";
				VALIDATE_PRODUCT = YES;
			};
			name = Release;
		};
		53260DB41B670AED00F6FB9B /* Debug */ = {
			isa = XCBuildConfiguration;
			baseConfigurationReference = C1CB08570D0A3B89A618E219 /* Pods-AFNetworkingWithMantle.debug.xcconfig */;
			buildSettings = {
				ASSETCATALOG_COMPILER_APPICON_NAME = AppIcon;
				INFOPLIST_FILE = AFNetworkingWithMantle/Info.plist;
				LD_RUNPATH_SEARCH_PATHS = "$(inherited) @executable_path/Frameworks";
				PRODUCT_NAME = "$(TARGET_NAME)";
				USER_HEADER_SEARCH_PATHS = "\"$(SRCROOT)/Pods\"/**";
			};
			name = Debug;
		};
		53260DB51B670AED00F6FB9B /* Release */ = {
			isa = XCBuildConfiguration;
			baseConfigurationReference = 6D0E0F558A69BEE96AED2125 /* Pods-AFNetworkingWithMantle.release.xcconfig */;
			buildSettings = {
				ASSETCATALOG_COMPILER_APPICON_NAME = AppIcon;
				INFOPLIST_FILE = AFNetworkingWithMantle/Info.plist;
				LD_RUNPATH_SEARCH_PATHS = "$(inherited) @executable_path/Frameworks";
				PRODUCT_NAME = "$(TARGET_NAME)";
				USER_HEADER_SEARCH_PATHS = "\"$(SRCROOT)/Pods\"/**";
			};
			name = Release;
		};
/* End XCBuildConfiguration section */

/* Begin XCConfigurationList section */
		53260D8F1B670AED00F6FB9B /* Build configuration list for PBXProject "AFNetworkingWithMantle" */ = {
			isa = XCConfigurationList;
			buildConfigurations = (
				53260DB11B670AED00F6FB9B /* Debug */,
				53260DB21B670AED00F6FB9B /* Release */,
			);
			defaultConfigurationIsVisible = 0;
			defaultConfigurationName = Release;
		};
		53260DB31B670AED00F6FB9B /* Build configuration list for PBXNativeTarget "AFNetworkingWithMantle" */ = {
			isa = XCConfigurationList;
			buildConfigurations = (
				53260DB41B670AED00F6FB9B /* Debug */,
				53260DB51B670AED00F6FB9B /* Release */,
			);
			defaultConfigurationIsVisible = 0;
			defaultConfigurationName = Release;
		};
/* End XCConfigurationList section */
	};
	rootObject = 53260D8C1B670AED00F6FB9B /* Project object */;
}
